
Microsoft Visual Studio Solution File, Format Version 12.00
# Visual Studio Version 17
VisualStudioVersion = 17.4.33927.135
MinimumVisualStudioVersion = 10.0.40219.1
Project("{2150E333-8FDC-42A3-9474-1A3956D46DE8}") = "Github", "Github", "{9014128B-007C-4D1C-8422-B42220BF2DF9}"
	ProjectSection(SolutionItems) = preProject
		SetVersion.ps1 = SetVersion.ps1
	EndProjectSection
EndProject
Project("{2150E333-8FDC-42A3-9474-1A3956D46DE8}") = "workflows", "workflows", "{02A765FD-29EF-4B73-B290-875838E02B44}"
	ProjectSection(SolutionItems) = preProject
		.github\workflows\Generate-Package.yaml = .github\workflows\Generate-Package.yaml
		.github\workflows\UpdateVersion.yaml = .github\workflows\UpdateVersion.yaml
	EndProjectSection
EndProject
Project("{9A19103F-16F7-4668-BE54-9A1E7A4F7556}") = "radj307.ObservableImmutableList", "radj307.ObservableImmutableList\radj307.ObservableImmutableList.csproj", "{01CDB3D1-4231-41C9-9FBE-9E86A40AB3CD}"
EndProject
Project("{FAE04EC0-301F-11D3-BF4B-00C04F79EFBC}") = "UsageExample", "UsageExample\UsageExample.csproj", "{D56EC1E7-6A57-4BDC-9204-8EA9956E69D3}"
EndProject
Global
	GlobalSection(SolutionConfigurationPlatforms) = preSolution
		Debug|Any CPU = Debug|Any CPU
		Release|Any CPU = Release|Any CPU
	EndGlobalSection
	GlobalSection(ProjectConfigurationPlatforms) = postSolution
		{01CDB3D1-4231-41C9-9FBE-9E86A40AB3CD}.Debug|Any CPU.ActiveCfg = Debug|Any CPU
		{01CDB3D1-4231-41C9-9FBE-9E86A40AB3CD}.Debug|Any CPU.Build.0 = Debug|Any CPU
		{01CDB3D1-4231-41C9-9FBE-9E86A40AB3CD}.Release|Any CPU.ActiveCfg = Release|Any CPU
		{01CDB3D1-4231-41C9-9FBE-9E86A40AB3CD}.Release|Any CPU.Build.0 = Release|Any CPU
		{D56EC1E7-6A57-4BDC-9204-8EA9956E69D3}.Debug|Any CPU.ActiveCfg = Debug|Any CPU
		{D56EC1E7-6A57-4BDC-9204-8EA9956E69D3}.Debug|Any CPU.Build.0 = Debug|Any CPU
		{D56EC1E7-6A57-4BDC-9204-8EA9956E69D3}.Release|Any CPU.ActiveCfg = Release|Any CPU
		{D56EC1E7-6A57-4BDC-9204-8EA9956E69D3}.Release|Any CPU.Build.0 = Release|Any CPU
	EndGlobalSection
	GlobalSection(SolutionProperties) = preSolution
		HideSolutionNode = FALSE
	EndGlobalSection
	GlobalSection(NestedProjects) = preSolution
		{02A765FD-29EF-4B73-B290-875838E02B44} = {9014128B-007C-4D1C-8422-B42220BF2DF9}
	EndGlobalSection
	GlobalSection(ExtensibilityGlobals) = postSolution
		SolutionGuid = {F1A4EBC2-89B9-4943-8684-9C22A67B1B46}
	EndGlobalSection
EndGlobal
